{
  "version": 4,
  "terraform_version": "0.12.28",
  "serial": 152,
  "lineage": "0346b32f-650f-9495-ad04-cbe16c422c4e",
  "outputs": {},
  "resources": [
    {
      "mode": "managed",
      "type": "google_compute_network",
      "name": "vpc",
      "provider": "provider.google",
      "instances": [
        {
          "schema_version": 0,
          "attributes": {
            "auto_create_subnetworks": false,
            "delete_default_routes_on_create": false,
            "description": "",
            "gateway_ipv4": "",
            "id": "projects/voyceb4db142c/global/networks/voyce-vpc",
            "ipv4_range": null,
            "name": "voyce-vpc",
            "project": "voyceb4db142c",
            "routing_mode": "REGIONAL",
            "self_link": "https://www.googleapis.com/compute/v1/projects/voyceb4db142c/global/networks/voyce-vpc",
            "timeouts": null
          },
          "private": "eyJlMmJmYjczMC1lY2FhLTExZTYtOGY4OC0zNDM2M2JjN2M0YzAiOnsiY3JlYXRlIjoyNDAwMDAwMDAwMDAsImRlbGV0ZSI6MjQwMDAwMDAwMDAwLCJ1cGRhdGUiOjI0MDAwMDAwMDAwMH19",
          "dependencies": [
            "google_project.project",
            "random_id.id"
          ]
        }
      ]
    },
    {
      "mode": "managed",
      "type": "google_compute_router",
      "name": "router",
      "provider": "provider.google",
      "instances": [
        {
          "schema_version": 0,
          "attributes": {
            "bgp": [
              {
                "advertise_mode": "DEFAULT",
                "advertised_groups": [],
                "advertised_ip_ranges": [],
                "asn": 64514
              }
            ],
            "creation_timestamp": "2019-12-06T14:46:40.459-08:00",
            "description": "",
            "id": "projects/voyceb4db142c/regions/us-east1/routers/voyce-router",
            "name": "voyce-router",
            "network": "https://www.googleapis.com/compute/v1/projects/voyceb4db142c/global/networks/voyce-vpc",
            "project": "voyceb4db142c",
            "region": "us-east1",
            "self_link": "https://www.googleapis.com/compute/v1/projects/voyceb4db142c/regions/us-east1/routers/voyce-router",
            "timeouts": null
          },
          "private": "eyJlMmJmYjczMC1lY2FhLTExZTYtOGY4OC0zNDM2M2JjN2M0YzAiOnsiY3JlYXRlIjoyNDAwMDAwMDAwMDAsImRlbGV0ZSI6MjQwMDAwMDAwMDAwLCJ1cGRhdGUiOjI0MDAwMDAwMDAwMH19",
          "dependencies": [
            "google_compute_network.vpc",
            "google_project.project",
            "random_id.id"
          ]
        }
      ]
    },
    {
      "mode": "managed",
      "type": "google_compute_router_nat",
      "name": "nat",
      "provider": "provider.google",
      "instances": [
        {
          "schema_version": 0,
          "attributes": {
            "drain_nat_ips": [],
            "icmp_idle_timeout_sec": 30,
            "id": "voyceb4db142c/us-east1/voyce-router/voyce-router-nat",
            "log_config": [
              {
                "enable": true,
                "filter": "ERRORS_ONLY"
              }
            ],
            "min_ports_per_vm": 0,
            "name": "voyce-router-nat",
            "nat_ip_allocate_option": "AUTO_ONLY",
            "nat_ips": [],
            "project": "voyceb4db142c",
            "region": "us-east1",
            "router": "voyce-router",
            "source_subnetwork_ip_ranges_to_nat": "ALL_SUBNETWORKS_ALL_IP_RANGES",
            "subnetwork": [],
            "tcp_established_idle_timeout_sec": 1200,
            "tcp_transitory_idle_timeout_sec": 30,
            "timeouts": null,
            "udp_idle_timeout_sec": 30
          },
          "private": "eyJlMmJmYjczMC1lY2FhLTExZTYtOGY4OC0zNDM2M2JjN2M0YzAiOnsiY3JlYXRlIjo2MDAwMDAwMDAwMDAsImRlbGV0ZSI6NjAwMDAwMDAwMDAwLCJ1cGRhdGUiOjYwMDAwMDAwMDAwMH19",
          "dependencies": [
            "google_compute_network.vpc",
            "google_compute_router.router",
            "google_project.project",
            "random_id.id"
          ]
        }
      ]
    },
    {
      "mode": "managed",
      "type": "google_compute_subnetwork",
      "name": "private-subnet",
      "provider": "provider.google",
      "instances": [
        {
          "schema_version": 0,
          "attributes": {
            "creation_timestamp": "2019-12-06T14:46:40.458-08:00",
            "description": "",
            "enable_flow_logs": null,
            "fingerprint": "DvNkVbug2-w=",
            "gateway_address": "10.0.0.1",
            "id": "projects/voyceb4db142c/regions/us-east1/subnetworks/voyce-private-subnet",
            "ip_cidr_range": "10.0.0.0/24",
            "log_config": [],
            "name": "voyce-private-subnet",
            "network": "https://www.googleapis.com/compute/v1/projects/voyceb4db142c/global/networks/voyce-vpc",
            "private_ip_google_access": true,
            "project": "voyceb4db142c",
            "region": "us-east1",
            "secondary_ip_range": [
              {
                "ip_cidr_range": "10.28.0.0/20",
                "range_name": "gke-voyce-gke-cluster-services-eb3af3a5"
              },
              {
                "ip_cidr_range": "10.24.0.0/14",
                "range_name": "gke-voyce-gke-cluster-pods-eb3af3a5"
              }
            ],
            "self_link": "https://www.googleapis.com/compute/v1/projects/voyceb4db142c/regions/us-east1/subnetworks/voyce-private-subnet",
            "timeouts": null
          },
          "private": "eyJlMmJmYjczMC1lY2FhLTExZTYtOGY4OC0zNDM2M2JjN2M0YzAiOnsiY3JlYXRlIjozNjAwMDAwMDAwMDAsImRlbGV0ZSI6MzYwMDAwMDAwMDAwLCJ1cGRhdGUiOjM2MDAwMDAwMDAwMH19",
          "dependencies": [
            "google_compute_network.vpc",
            "google_project.project",
            "random_id.id"
          ]
        }
      ]
    },
    {
      "mode": "managed",
      "type": "google_container_cluster",
      "name": "primary",
      "provider": "provider.google-beta",
      "instances": [
        {
          "schema_version": 1,
          "attributes": {
            "additional_zones": [],
            "addons_config": [
              {
                "cloudrun_config": [],
                "config_connector_config": [],
                "dns_cache_config": [],
                "gce_persistent_disk_csi_driver_config": [],
                "horizontal_pod_autoscaling": [],
                "http_load_balancing": [],
                "istio_config": [],
                "kalm_config": [],
                "kubernetes_dashboard": [],
                "network_policy_config": [
                  {
                    "disabled": true
                  }
                ]
              }
            ],
            "authenticator_groups_config": [],
            "cluster_autoscaling": [
              {
                "auto_provisioning_defaults": [],
                "autoscaling_profile": "OPTIMIZE_UTILIZATION",
                "enabled": false,
                "resource_limits": []
              }
            ],
            "cluster_ipv4_cidr": "10.24.0.0/14",
            "cluster_telemetry": [
              {
                "type": "ENABLED"
              }
            ],
            "database_encryption": [
              {
                "key_name": "",
                "state": "DECRYPTED"
              }
            ],
            "default_max_pods_per_node": 110,
            "default_snat_status": [],
            "description": "",
            "enable_binary_authorization": false,
            "enable_intranode_visibility": false,
            "enable_kubernetes_alpha": false,
            "enable_legacy_abac": false,
            "enable_shielded_nodes": false,
            "enable_tpu": false,
            "endpoint": "35.243.181.12",
            "id": "projects/voyceb4db142c/locations/us-east1-b/clusters/voyce-gke-cluster",
            "initial_node_count": 1,
            "instance_group_urls": [
              "https://www.googleapis.com/compute/beta/projects/voyceb4db142c/zones/us-east1-b/instanceGroups/gke-voyce-gke-cluster-voyce-node-pool-7c8e1a15-grp"
            ],
            "ip_allocation_policy": [
              {
                "cluster_ipv4_cidr_block": "10.24.0.0/14",
                "cluster_secondary_range_name": "gke-voyce-gke-cluster-pods-eb3af3a5",
                "node_ipv4_cidr_block": "",
                "services_ipv4_cidr_block": "10.28.0.0/20",
                "services_secondary_range_name": "gke-voyce-gke-cluster-services-eb3af3a5",
                "subnetwork_name": ""
              }
            ],
            "label_fingerprint": "a9dc16a7",
            "location": "us-east1-b",
            "logging_service": "logging.googleapis.com/kubernetes",
            "maintenance_policy": [],
            "master_auth": [
              {
                "client_certificate": "",
                "client_certificate_config": [
                  {
                    "issue_client_certificate": false
                  }
                ],
                "client_key": "",
                "cluster_ca_certificate": "LS0tLS1CRUdJTiBDRVJUSUZJQ0FURS0tLS0tCk1JSURDekNDQWZPZ0F3SUJBZ0lRR05VUjBlQUpjcHA0eVc3aVFEVHVOVEFOQmdrcWhraUc5dzBCQVFzRkFEQXYKTVMwd0t3WURWUVFERXlRME9URTNaVFUzWVMxallUUTFMVFJqWkRRdFlUSTBNeTAyWVdVM05ERm1ZMk0zTmpZdwpIaGNOTVRreE1qQTJNakUwTmpVMldoY05NalF4TWpBME1qSTBOalUyV2pBdk1TMHdLd1lEVlFRREV5UTBPVEUzClpUVTNZUzFqWVRRMUxUUmpaRFF0WVRJME15MDJZV1UzTkRGbVkyTTNOall3Z2dFaU1BMEdDU3FHU0liM0RRRUIKQVFVQUE0SUJEd0F3Z2dFS0FvSUJBUUN4WXJvQTI1cnFrV3haNnoreDE0a3NrOFo0OFFWQzg5M015ZTEzSVZnTwpMRTFUeFNDVFdCOVFyZDlxSGJ6T3ZzQmVXdHh3bkFTTGtBTFRnYXRmTmZqUjc3M0s5cHE5ZkFLQlVhNWNLanhoCmZZN2w1MWNWY0dsVDhRMlNFVzJocWxrUTJiWWgxdTdzN05sSVNCWkZ1eXRqTXhHR3ZpekF5WG9CU2JOc3FjZGsKZGM4T2FKZWxsQTBDYmpXSUZtR2FuVlU0dUZyaXlIWVIrL3BYV2k5THQzYXFud05JSHRoWXJqMVR2eW9xdnl3Kwo5R2o4ODlSdUR5eUZiRFFHMDRDL05KNmUvVHQvaEVjMXQ0eDliMFRIODk2Q2FKZWVHSW1YMVRYNjB5amkzYWpqCitDR0dGRktXb200VjNyUk5ZTkFGdEcrZ3dNNVdJclBZUktPTGwrQ2gyZ1dwQWdNQkFBR2pJekFoTUE0R0ExVWQKRHdFQi93UUVBd0lDQkRBUEJnTlZIUk1CQWY4RUJUQURBUUgvTUEwR0NTcUdTSWIzRFFFQkN3VUFBNElCQVFBSwovN1pZaEhiZ3hjdG0yc2E4Vy9IVk04OHpzMitnaHdnazNqTFl5VExKbzh0MVVTN2IvSlRsUGVjWlo3NnNnRklGCnpyRkJTdklUc0ZEMHRkaGxzY05hditZeFVGM08zODhUWDN4ZURJaFVUWFlWOHI2ZUppbUFJYXhRWVZjMytvKzkKWmoyZ0Y3WWxjVkJ4WkdkbkJVSkZZRm5HcEZmY2NhMFVMRmpubmxyUDZKWHBBQS9KbWhSVUE5c1RMbWlzbmcwNAp6TUlCZUgwekJ5U3ppZ0x0OTJzZFdydEZ3UE9PVlhyUnZrTEVJUkY2VEpsMW5jKzc3TU5iYks3dWpRclBYdFVZCmdjK01HQkVoWXBOYVgwVWVYZmJ2Vms3d3pGenU0OGN0dGp6RS9LMEJZQkw0WWk4T1pHTUd0dmNZOWRueDZEWmoKaG8rWGt5dDBnVEpaVTJ0ZE80S1EKLS0tLS1FTkQgQ0VSVElGSUNBVEUtLS0tLQo=",
                "password": "",
                "username": ""
              }
            ],
            "master_authorized_networks_config": [],
            "master_version": "1.16.13-gke.1",
            "min_master_version": null,
            "monitoring_service": "monitoring.googleapis.com/kubernetes",
            "name": "voyce-gke-cluster",
            "network": "projects/voyceb4db142c/global/networks/voyce-vpc",
            "network_policy": [
              {
                "enabled": false,
                "provider": "PROVIDER_UNSPECIFIED"
              }
            ],
            "networking_mode": "VPC_NATIVE",
            "node_config": [
              {
                "boot_disk_kms_key": "",
                "disk_size_gb": 100,
                "disk_type": "pd-standard",
                "guest_accelerator": [],
                "image_type": "COS",
                "kubelet_config": [],
                "labels": {},
                "linux_node_config": [],
                "local_ssd_count": 0,
                "machine_type": "n1-standard-2",
                "metadata": {
                  "disable-legacy-endpoints": "true"
                },
                "min_cpu_platform": "",
                "oauth_scopes": [
                  "https://www.googleapis.com/auth/logging.write",
                  "https://www.googleapis.com/auth/monitoring"
                ],
                "preemptible": true,
                "sandbox_config": [],
                "service_account": "default",
                "shielded_instance_config": [
                  {
                    "enable_integrity_monitoring": true,
                    "enable_secure_boot": false
                  }
                ],
                "tags": [],
                "taint": [],
                "workload_metadata_config": []
              }
            ],
            "node_locations": [],
            "node_pool": [
              {
                "autoscaling": [
                  {
                    "max_node_count": 5,
                    "min_node_count": 1
                  }
                ],
                "initial_node_count": 1,
                "instance_group_urls": [
                  "https://www.googleapis.com/compute/v1/projects/voyceb4db142c/zones/us-east1-b/instanceGroupManagers/gke-voyce-gke-cluster-voyce-node-pool-7c8e1a15-grp"
                ],
                "management": [
                  {
                    "auto_repair": false,
                    "auto_upgrade": true
                  }
                ],
                "max_pods_per_node": 110,
                "name": "voyce-node-pool",
                "name_prefix": "",
                "node_config": [
                  {
                    "boot_disk_kms_key": "",
                    "disk_size_gb": 100,
                    "disk_type": "pd-standard",
                    "guest_accelerator": [],
                    "image_type": "COS",
                    "kubelet_config": [],
                    "labels": {},
                    "linux_node_config": [],
                    "local_ssd_count": 0,
                    "machine_type": "n1-standard-2",
                    "metadata": {
                      "disable-legacy-endpoints": "true"
                    },
                    "min_cpu_platform": "",
                    "oauth_scopes": [
                      "https://www.googleapis.com/auth/logging.write",
                      "https://www.googleapis.com/auth/monitoring"
                    ],
                    "preemptible": true,
                    "sandbox_config": [],
                    "service_account": "default",
                    "shielded_instance_config": [
                      {
                        "enable_integrity_monitoring": true,
                        "enable_secure_boot": false
                      }
                    ],
                    "tags": [],
                    "taint": [],
                    "workload_metadata_config": []
                  }
                ],
                "node_count": 4,
                "node_locations": [
                  "us-east1-b"
                ],
                "upgrade_settings": [
                  {
                    "max_surge": 1,
                    "max_unavailable": 0
                  }
                ],
                "version": "1.16.13-gke.1"
              }
            ],
            "node_version": "1.16.13-gke.1",
            "operation": null,
            "pod_security_policy_config": [
              {
                "enabled": false
              }
            ],
            "private_cluster_config": [
              {
                "enable_private_endpoint": false,
                "enable_private_nodes": true,
                "master_global_access_config": [],
                "master_ipv4_cidr_block": "10.0.1.0/28",
                "peering_name": "gke-eb3af3a5286323f1b40e-b542-f719-peer",
                "private_endpoint": "10.0.1.2",
                "public_endpoint": "35.243.181.12"
              }
            ],
            "project": "voyceb4db142c",
            "region": null,
            "release_channel": [
              {
                "channel": "UNSPECIFIED"
              }
            ],
            "remove_default_node_pool": true,
            "resource_labels": {},
            "resource_usage_export_config": [],
            "services_ipv4_cidr": "10.28.0.0/20",
            "subnetwork": "projects/voyceb4db142c/regions/us-east1/subnetworks/voyce-private-subnet",
            "timeouts": null,
            "tpu_ipv4_cidr_block": "",
            "vertical_pod_autoscaling": [],
            "workload_identity_config": [],
            "zone": null
          },
          "private": "eyJlMmJmYjczMC1lY2FhLTExZTYtOGY4OC0zNDM2M2JjN2M0YzAiOnsiY3JlYXRlIjoyNDAwMDAwMDAwMDAwLCJkZWxldGUiOjI0MDAwMDAwMDAwMDAsInJlYWQiOjI0MDAwMDAwMDAwMDAsInVwZGF0ZSI6MzYwMDAwMDAwMDAwMH0sInNjaGVtYV92ZXJzaW9uIjoiMSJ9",
          "dependencies": [
            "google_compute_network.vpc",
            "google_compute_subnetwork.private-subnet",
            "google_project.project"
          ]
        }
      ]
    },
    {
      "mode": "managed",
      "type": "google_container_node_pool",
      "name": "primary_preemptible_nodes",
      "provider": "provider.google",
      "instances": [
        {
          "schema_version": 1,
          "attributes": {
            "autoscaling": [
              {
                "max_node_count": 5,
                "min_node_count": 1
              }
            ],
            "cluster": "voyce-gke-cluster",
            "id": "projects/voyceb4db142c/locations/us-east1-b/clusters/voyce-gke-cluster/nodePools/voyce-node-pool",
            "initial_node_count": 1,
            "instance_group_urls": [
              "https://www.googleapis.com/compute/v1/projects/voyceb4db142c/zones/us-east1-b/instanceGroupManagers/gke-voyce-gke-cluster-voyce-node-pool-7c8e1a15-grp"
            ],
            "location": "us-east1-b",
            "management": [
              {
                "auto_repair": false,
                "auto_upgrade": true
              }
            ],
            "max_pods_per_node": 110,
            "name": "voyce-node-pool",
            "name_prefix": "",
            "node_config": [
              {
                "disk_size_gb": 100,
                "disk_type": "pd-standard",
                "guest_accelerator": [],
                "image_type": "COS",
                "labels": {},
                "local_ssd_count": 0,
                "machine_type": "n1-standard-2",
                "metadata": {
                  "disable-legacy-endpoints": "true"
                },
                "min_cpu_platform": "",
                "oauth_scopes": [
                  "https://www.googleapis.com/auth/logging.write",
                  "https://www.googleapis.com/auth/monitoring"
                ],
                "preemptible": true,
                "sandbox_config": [],
                "service_account": "default",
                "shielded_instance_config": [
                  {
                    "enable_integrity_monitoring": true,
                    "enable_secure_boot": false
                  }
                ],
                "tags": [],
                "taint": [],
                "workload_metadata_config": []
              }
            ],
            "node_count": 4,
            "node_locations": [
              "us-east1-b"
            ],
            "project": "voyceb4db142c",
            "region": null,
            "timeouts": null,
            "upgrade_settings": [
              {
                "max_surge": 1,
                "max_unavailable": 0
              }
            ],
            "version": "1.16.13-gke.1",
            "zone": null
          },
          "private": "eyJlMmJmYjczMC1lY2FhLTExZTYtOGY4OC0zNDM2M2JjN2M0YzAiOnsiY3JlYXRlIjoxODAwMDAwMDAwMDAwLCJkZWxldGUiOjE4MDAwMDAwMDAwMDAsInVwZGF0ZSI6MTgwMDAwMDAwMDAwMH0sInNjaGVtYV92ZXJzaW9uIjoiMSJ9",
          "dependencies": [
            "google_container_cluster.primary",
            "google_project.project"
          ]
        }
      ]
    },
    {
      "mode": "managed",
      "type": "google_project",
      "name": "project",
      "provider": "provider.google",
      "instances": [
        {
          "schema_version": 1,
          "attributes": {
            "auto_create_network": false,
            "billing_account": "01BED7-340A56-12F88F",
            "folder_id": null,
            "id": "projects/voyceb4db142c",
            "labels": {},
            "name": "voyce",
            "number": "465737796037",
            "org_id": null,
            "project_id": "voyceb4db142c",
            "skip_delete": null,
            "timeouts": null
          },
          "private": "eyJlMmJmYjczMC1lY2FhLTExZTYtOGY4OC0zNDM2M2JjN2M0YzAiOnsiY3JlYXRlIjoyNDAwMDAwMDAwMDAsImRlbGV0ZSI6MjQwMDAwMDAwMDAwLCJyZWFkIjoyNDAwMDAwMDAwMDAsInVwZGF0ZSI6MjQwMDAwMDAwMDAwfSwic2NoZW1hX3ZlcnNpb24iOiIxIn0=",
          "dependencies": [
            "random_id.id"
          ]
        }
      ]
    },
    {
      "mode": "managed",
      "type": "google_project_service",
      "name": "gke-api",
      "provider": "provider.google",
      "instances": [
        {
          "schema_version": 0,
          "attributes": {
            "disable_dependent_services": null,
            "disable_on_destroy": true,
            "id": "voyceb4db142c/container.googleapis.com",
            "project": "voyceb4db142c",
            "service": "container.googleapis.com",
            "timeouts": null
          },
          "private": "eyJlMmJmYjczMC1lY2FhLTExZTYtOGY4OC0zNDM2M2JjN2M0YzAiOnsiY3JlYXRlIjoxMjAwMDAwMDAwMDAwLCJkZWxldGUiOjEyMDAwMDAwMDAwMDAsInJlYWQiOjYwMDAwMDAwMDAwMCwidXBkYXRlIjoxMjAwMDAwMDAwMDAwfX0=",
          "dependencies": [
            "google_project.project",
            "random_id.id"
          ]
        }
      ]
    },
    {
      "mode": "managed",
      "type": "random_id",
      "name": "id",
      "provider": "provider.random",
      "instances": [
        {
          "schema_version": 0,
          "attributes": {
            "b64": "voycetNsULA",
            "b64_std": "voycetNsULA==",
            "b64_url": "voycetNsULA",
            "byte_length": 4,
            "dec": "voyce3034256428",
            "hex": "voyceb4db142c",
            "id": "tNsULA",
            "keepers": null,
            "prefix": "voyce"
          },
          "private": "bnVsbA=="
        }
      ]
    }
  ]
}
