{
  "version": 4,
  "terraform_version": "0.12.16",
  "serial": 73,
  "lineage": "0346b32f-650f-9495-ad04-cbe16c422c4e",
  "outputs": {},
  "resources": [
    {
      "mode": "managed",
      "type": "google_compute_network",
      "name": "vpc",
      "provider": "provider.google",
      "instances": [
        {
          "schema_version": 0,
          "attributes": {
            "auto_create_subnetworks": false,
            "delete_default_routes_on_create": false,
            "description": "",
            "gateway_ipv4": "",
            "id": "projects/voyce2ad783e0/global/networks/voyce-vpc",
            "ipv4_range": null,
            "name": "voyce-vpc",
            "project": "voyce2ad783e0",
            "routing_mode": "REGIONAL",
            "self_link": "https://www.googleapis.com/compute/v1/projects/voyce2ad783e0/global/networks/voyce-vpc",
            "timeouts": null
          },
          "private": "eyJlMmJmYjczMC1lY2FhLTExZTYtOGY4OC0zNDM2M2JjN2M0YzAiOnsiY3JlYXRlIjoyNDAwMDAwMDAwMDAsImRlbGV0ZSI6MjQwMDAwMDAwMDAwLCJ1cGRhdGUiOjI0MDAwMDAwMDAwMH19",
          "dependencies": [
            "google_project.project",
            "random_id.id"
          ]
        }
      ]
    },
    {
      "mode": "managed",
      "type": "google_compute_router",
      "name": "router",
      "provider": "provider.google",
      "instances": [
        {
          "schema_version": 0,
          "attributes": {
            "bgp": [
              {
                "advertise_mode": "DEFAULT",
                "advertised_groups": [],
                "advertised_ip_ranges": [],
                "asn": 64514
              }
            ],
            "creation_timestamp": "2019-12-01T12:32:35.116-08:00",
            "description": "",
            "id": "projects/voyce2ad783e0/regions/us-east1/routers/voyce-router",
            "name": "voyce-router",
            "network": "https://www.googleapis.com/compute/v1/projects/voyce2ad783e0/global/networks/voyce-vpc",
            "project": "voyce2ad783e0",
            "region": "us-east1",
            "self_link": "https://www.googleapis.com/compute/v1/projects/voyce2ad783e0/regions/us-east1/routers/voyce-router",
            "timeouts": null
          },
          "private": "eyJlMmJmYjczMC1lY2FhLTExZTYtOGY4OC0zNDM2M2JjN2M0YzAiOnsiY3JlYXRlIjoyNDAwMDAwMDAwMDAsImRlbGV0ZSI6MjQwMDAwMDAwMDAwLCJ1cGRhdGUiOjI0MDAwMDAwMDAwMH19",
          "dependencies": [
            "google_compute_network.vpc",
            "google_project.project",
            "random_id.id"
          ]
        }
      ]
    },
    {
      "mode": "managed",
      "type": "google_compute_router_nat",
      "name": "nat",
      "provider": "provider.google",
      "instances": [
        {
          "schema_version": 0,
          "attributes": {
            "icmp_idle_timeout_sec": 30,
            "id": "voyce2ad783e0/us-east1/voyce-router/voyce-router-nat",
            "log_config": [
              {
                "enable": true,
                "filter": "ERRORS_ONLY"
              }
            ],
            "min_ports_per_vm": 0,
            "name": "voyce-router-nat",
            "nat_ip_allocate_option": "AUTO_ONLY",
            "nat_ips": [],
            "project": "voyce2ad783e0",
            "region": "us-east1",
            "router": "voyce-router",
            "source_subnetwork_ip_ranges_to_nat": "ALL_SUBNETWORKS_ALL_IP_RANGES",
            "subnetwork": [],
            "tcp_established_idle_timeout_sec": 1200,
            "tcp_transitory_idle_timeout_sec": 30,
            "timeouts": null,
            "udp_idle_timeout_sec": 30
          },
          "private": "eyJlMmJmYjczMC1lY2FhLTExZTYtOGY4OC0zNDM2M2JjN2M0YzAiOnsiY3JlYXRlIjo2MDAwMDAwMDAwMDAsImRlbGV0ZSI6NjAwMDAwMDAwMDAwLCJ1cGRhdGUiOjYwMDAwMDAwMDAwMH19",
          "dependencies": [
            "google_compute_network.vpc",
            "google_compute_router.router",
            "google_project.project",
            "random_id.id"
          ]
        }
      ]
    },
    {
      "mode": "managed",
      "type": "google_compute_subnetwork",
      "name": "private-subnet",
      "provider": "provider.google",
      "instances": [
        {
          "schema_version": 0,
          "attributes": {
            "creation_timestamp": "2019-12-01T12:32:35.182-08:00",
            "description": "",
            "enable_flow_logs": null,
            "fingerprint": "bl_uCCfklIc=",
            "gateway_address": "10.0.0.1",
            "id": "projects/voyce2ad783e0/regions/us-east1/subnetworks/voyce-private-subnet",
            "ip_cidr_range": "10.0.0.0/24",
            "log_config": [],
            "name": "voyce-private-subnet",
            "network": "https://www.googleapis.com/compute/v1/projects/voyce2ad783e0/global/networks/voyce-vpc",
            "private_ip_google_access": true,
            "project": "voyce2ad783e0",
            "region": "us-east1",
            "secondary_ip_range": [
              {
                "ip_cidr_range": "10.24.0.0/14",
                "range_name": "gke-voyce-gke-cluster-pods-0e3abceb"
              },
              {
                "ip_cidr_range": "10.28.0.0/20",
                "range_name": "gke-voyce-gke-cluster-services-0e3abceb"
              }
            ],
            "self_link": "https://www.googleapis.com/compute/v1/projects/voyce2ad783e0/regions/us-east1/subnetworks/voyce-private-subnet",
            "timeouts": null
          },
          "private": "eyJlMmJmYjczMC1lY2FhLTExZTYtOGY4OC0zNDM2M2JjN2M0YzAiOnsiY3JlYXRlIjozNjAwMDAwMDAwMDAsImRlbGV0ZSI6MzYwMDAwMDAwMDAwLCJ1cGRhdGUiOjM2MDAwMDAwMDAwMH19",
          "dependencies": [
            "google_compute_network.vpc",
            "google_project.project",
            "random_id.id"
          ]
        }
      ]
    },
    {
      "mode": "managed",
      "type": "google_container_cluster",
      "name": "primary",
      "provider": "provider.google",
      "instances": [
        {
          "schema_version": 1,
          "attributes": {
            "additional_zones": null,
            "addons_config": [
              {
                "horizontal_pod_autoscaling": [],
                "http_load_balancing": [],
                "kubernetes_dashboard": [],
                "network_policy_config": [
                  {
                    "disabled": true
                  }
                ]
              }
            ],
            "cluster_autoscaling": [],
            "cluster_ipv4_cidr": "10.24.0.0/14",
            "default_max_pods_per_node": 110,
            "description": "",
            "enable_binary_authorization": null,
            "enable_intranode_visibility": null,
            "enable_kubernetes_alpha": false,
            "enable_legacy_abac": false,
            "enable_tpu": null,
            "endpoint": "35.185.124.74",
            "id": "projects/voyce2ad783e0/locations/us-east1-b/clusters/voyce-gke-cluster",
            "initial_node_count": 1,
            "instance_group_urls": [
              "https://www.googleapis.com/compute/v1/projects/voyce2ad783e0/zones/us-east1-b/instanceGroups/gke-voyce-gke-cluster-voyce-node-pool-4386af95-grp"
            ],
            "ip_allocation_policy": [
              {
                "cluster_ipv4_cidr_block": "10.24.0.0/14",
                "cluster_secondary_range_name": "gke-voyce-gke-cluster-pods-0e3abceb",
                "create_subnetwork": false,
                "node_ipv4_cidr_block": "",
                "services_ipv4_cidr_block": "10.28.0.0/20",
                "services_secondary_range_name": "gke-voyce-gke-cluster-services-0e3abceb",
                "subnetwork_name": "",
                "use_ip_aliases": false
              }
            ],
            "location": "us-east1-b",
            "logging_service": "logging.googleapis.com/kubernetes",
            "maintenance_policy": [],
            "master_auth": [
              {
                "client_certificate": "",
                "client_certificate_config": [
                  {
                    "issue_client_certificate": false
                  }
                ],
                "client_key": "",
                "cluster_ca_certificate": "LS0tLS1CRUdJTiBDRVJUSUZJQ0FURS0tLS0tCk1JSURERENDQWZTZ0F3SUJBZ0lSQU42YUZ4TTg4WTd3MEgrV0R4UlRzUGN3RFFZSktvWklodmNOQVFFTEJRQXcKTHpFdE1Dc0dBMVVFQXhNa1l6WmtPR1F5WldFdE1qRmhOUzAwTXpKa0xXSmtNRGN0TVdJeE5EQm1PREptTVRkagpNQjRYRFRFNU1USXdNVEU1TXpJMU1Wb1hEVEkwTVRFeU9USXdNekkxTVZvd0x6RXRNQ3NHQTFVRUF4TWtZelprCk9HUXlaV0V0TWpGaE5TMDBNekprTFdKa01EY3RNV0l4TkRCbU9ESm1NVGRqTUlJQklqQU5CZ2txaGtpRzl3MEIKQVFFRkFBT0NBUThBTUlJQkNnS0NBUUVBblowdlRtaTdKZEFkM0oyOTVUNllNN2liQURad1UvZ2Yzamk2REFuMQpuVDdhWUVrdHMzeXAxSFlWMmdaNjBLT2FzNVc1cEZFMFVJVWI5MzY4eU8yVWhlbHlwZHY1MTlFRzZiNndubUJ1Cm9RWjVyQXJ3TWlZNmtFNGVNT0xwLy9TeDl3NHRGdHczRTlCeFkvUUhqYy9TWEZCWXRjeDZLZmtkQ2hiaHBjSXEKUVlEdGlWaE1nZTc0dVptOUJETkFWYWE3VXQxU1VNbE1kVGtERVpIR1pheXZ1Z1c0Sk81bWFacjJZMndsUFZsUwpnbWRnZVlGOHp4bVZRRisxUHM0MzNjY1JzMStieWlwa1lEeldtanl0LzVlcC9DTmJ3OGl0V25WK1pBMUJPenFGCnRNbGw3eXpMRC9seW1WcC8yUGh1V0hiVHJLVGI4MjNZZG1ja1F6SCswd1FlL1FJREFRQUJveU13SVRBT0JnTlYKSFE4QkFmOEVCQU1DQWdRd0R3WURWUjBUQVFIL0JBVXdBd0VCL3pBTkJna3Foa2lHOXcwQkFRc0ZBQU9DQVFFQQpkeSt0YnB2UDdBdXdIN3VoeksvRnA0cVdxWGdwNHJtcUNOTnhqRTVCSWwxblZ3N3FhRlFTbCtCeWQvMkM5WUZDCnVaUmhmZlpLcS9BS3Q3a1dDUjllS211TldmaUYwUnF5NjFINXVDWDZBcXFyMFAvMHFqVEFPWXViZ2pTSys2OFcKWHdqRVVEMExQMVd3eExRaGhXK09WRVovbHgrY0ZjdSs3c3lWUkV3Q2dvcUJBb0xscmc3aEkrVU1QQTlpVWhUYwpDclhtc0tneW5LbTNkcHRPQWNjM0plQzd1dG1hQmNHOCt3a3RLNjd6MUJoT0J1SzRDUVBEVTVkVWRKRCtwSExBCk9Kekg1bEFackRjKzVWTW5aUG45NC9HQjl2OGhoNTIyeHVwMXl3Qjg2RGkzcGZBdlJhZytXOGZhWWk5V1pYSzcKTGpxdmhQQUR2cEhJL09rZTM2NzMxQT09Ci0tLS0tRU5EIENFUlRJRklDQVRFLS0tLS0K",
                "password": "",
                "username": ""
              }
            ],
            "master_authorized_networks_config": [],
            "master_version": "1.13.11-gke.14",
            "min_master_version": null,
            "monitoring_service": "monitoring.googleapis.com/kubernetes",
            "name": "voyce-gke-cluster",
            "network": "projects/voyce2ad783e0/global/networks/voyce-vpc",
            "network_policy": [
              {
                "enabled": false,
                "provider": "PROVIDER_UNSPECIFIED"
              }
            ],
            "node_config": [
              {
                "disk_size_gb": 100,
                "disk_type": "pd-standard",
                "guest_accelerator": [],
                "image_type": "COS",
                "labels": {},
                "local_ssd_count": 0,
                "machine_type": "n1-standard-1",
                "metadata": {
                  "disable-legacy-endpoints": "true"
                },
                "min_cpu_platform": "",
                "oauth_scopes": [
                  "https://www.googleapis.com/auth/logging.write",
                  "https://www.googleapis.com/auth/monitoring"
                ],
                "preemptible": true,
                "sandbox_config": [],
                "service_account": "default",
                "shielded_instance_config": [
                  {
                    "enable_integrity_monitoring": true,
                    "enable_secure_boot": false
                  }
                ],
                "tags": [],
                "taint": [],
                "workload_metadata_config": []
              }
            ],
            "node_locations": [],
            "node_pool": [
              {
                "autoscaling": [],
                "initial_node_count": 1,
                "instance_group_urls": [
                  "https://www.googleapis.com/compute/v1/projects/voyce2ad783e0/zones/us-east1-b/instanceGroupManagers/gke-voyce-gke-cluster-voyce-node-pool-4386af95-grp"
                ],
                "management": [
                  {
                    "auto_repair": false,
                    "auto_upgrade": false
                  }
                ],
                "max_pods_per_node": 110,
                "name": "voyce-node-pool",
                "name_prefix": "",
                "node_config": [
                  {
                    "disk_size_gb": 100,
                    "disk_type": "pd-standard",
                    "guest_accelerator": [],
                    "image_type": "COS",
                    "labels": {},
                    "local_ssd_count": 0,
                    "machine_type": "n1-standard-1",
                    "metadata": {
                      "disable-legacy-endpoints": "true"
                    },
                    "min_cpu_platform": "",
                    "oauth_scopes": [
                      "https://www.googleapis.com/auth/logging.write",
                      "https://www.googleapis.com/auth/monitoring"
                    ],
                    "preemptible": true,
                    "sandbox_config": [],
                    "service_account": "default",
                    "shielded_instance_config": [
                      {
                        "enable_integrity_monitoring": true,
                        "enable_secure_boot": false
                      }
                    ],
                    "tags": [],
                    "taint": [],
                    "workload_metadata_config": []
                  }
                ],
                "node_count": 1,
                "version": "1.13.11-gke.14"
              }
            ],
            "node_version": "1.13.11-gke.14",
            "pod_security_policy_config": [],
            "private_cluster_config": [
              {
                "enable_private_endpoint": false,
                "enable_private_nodes": true,
                "master_ipv4_cidr_block": "10.0.1.0/28",
                "private_endpoint": "10.0.1.2",
                "public_endpoint": "35.185.124.74"
              }
            ],
            "project": "voyce2ad783e0",
            "region": null,
            "remove_default_node_pool": true,
            "resource_labels": {},
            "services_ipv4_cidr": "10.28.0.0/20",
            "subnetwork": "projects/voyce2ad783e0/regions/us-east1/subnetworks/voyce-private-subnet",
            "timeouts": null,
            "zone": null
          },
          "private": "eyJlMmJmYjczMC1lY2FhLTExZTYtOGY4OC0zNDM2M2JjN2M0YzAiOnsiY3JlYXRlIjoxODAwMDAwMDAwMDAwLCJkZWxldGUiOjE4MDAwMDAwMDAwMDAsInVwZGF0ZSI6MzYwMDAwMDAwMDAwMH0sInNjaGVtYV92ZXJzaW9uIjoiMSJ9",
          "dependencies": [
            "google_compute_network.vpc",
            "google_compute_subnetwork.private-subnet",
            "google_project.project",
            "random_id.id"
          ]
        }
      ]
    },
    {
      "mode": "managed",
      "type": "google_container_node_pool",
      "name": "primary_preemptible_nodes",
      "provider": "provider.google",
      "instances": [
        {
          "schema_version": 1,
          "attributes": {
            "autoscaling": [],
            "cluster": "voyce-gke-cluster",
            "id": "projects/voyce2ad783e0/locations/us-east1-b/clusters/voyce-gke-cluster/nodePools/voyce-node-pool",
            "initial_node_count": 1,
            "instance_group_urls": [
              "https://www.googleapis.com/compute/v1/projects/voyce2ad783e0/zones/us-east1-b/instanceGroupManagers/gke-voyce-gke-cluster-voyce-node-pool-4386af95-grp"
            ],
            "location": "us-east1-b",
            "management": [
              {
                "auto_repair": false,
                "auto_upgrade": false
              }
            ],
            "max_pods_per_node": 110,
            "name": "voyce-node-pool",
            "name_prefix": "",
            "node_config": [
              {
                "disk_size_gb": 100,
                "disk_type": "pd-standard",
                "guest_accelerator": [],
                "image_type": "COS",
                "labels": {},
                "local_ssd_count": 0,
                "machine_type": "n1-standard-1",
                "metadata": {
                  "disable-legacy-endpoints": "true"
                },
                "min_cpu_platform": "",
                "oauth_scopes": [
                  "https://www.googleapis.com/auth/logging.write",
                  "https://www.googleapis.com/auth/monitoring"
                ],
                "preemptible": true,
                "sandbox_config": [],
                "service_account": "default",
                "shielded_instance_config": [
                  {
                    "enable_integrity_monitoring": true,
                    "enable_secure_boot": false
                  }
                ],
                "tags": [],
                "taint": [],
                "workload_metadata_config": []
              }
            ],
            "node_count": 1,
            "project": "voyce2ad783e0",
            "region": null,
            "timeouts": null,
            "version": "1.13.11-gke.14",
            "zone": null
          },
          "private": "eyJlMmJmYjczMC1lY2FhLTExZTYtOGY4OC0zNDM2M2JjN2M0YzAiOnsiY3JlYXRlIjoxODAwMDAwMDAwMDAwLCJkZWxldGUiOjYwMDAwMDAwMDAwMCwidXBkYXRlIjo2MDAwMDAwMDAwMDB9LCJzY2hlbWFfdmVyc2lvbiI6IjEifQ==",
          "dependencies": [
            "google_compute_network.vpc",
            "google_compute_subnetwork.private-subnet",
            "google_container_cluster.primary",
            "google_project.project",
            "random_id.id"
          ]
        }
      ]
    },
    {
      "mode": "managed",
      "type": "google_project",
      "name": "project",
      "provider": "provider.google",
      "instances": [
        {
          "schema_version": 1,
          "attributes": {
            "auto_create_network": false,
            "billing_account": "01BED7-340A56-12F88F",
            "folder_id": null,
            "id": "projects/voyce2ad783e0",
            "labels": {},
            "name": "voyce",
            "number": "1046652964526",
            "org_id": null,
            "project_id": "voyce2ad783e0",
            "skip_delete": null,
            "timeouts": null
          },
          "private": "eyJlMmJmYjczMC1lY2FhLTExZTYtOGY4OC0zNDM2M2JjN2M0YzAiOnsiY3JlYXRlIjoyNDAwMDAwMDAwMDAsImRlbGV0ZSI6MjQwMDAwMDAwMDAwLCJyZWFkIjoyNDAwMDAwMDAwMDAsInVwZGF0ZSI6MjQwMDAwMDAwMDAwfSwic2NoZW1hX3ZlcnNpb24iOiIxIn0=",
          "dependencies": [
            "random_id.id"
          ]
        }
      ]
    },
    {
      "mode": "managed",
      "type": "google_project_service",
      "name": "gke-api",
      "provider": "provider.google",
      "instances": [
        {
          "schema_version": 0,
          "attributes": {
            "disable_dependent_services": null,
            "disable_on_destroy": true,
            "id": "voyce2ad783e0/container.googleapis.com",
            "project": "voyce2ad783e0",
            "service": "container.googleapis.com",
            "timeouts": null
          },
          "private": "eyJlMmJmYjczMC1lY2FhLTExZTYtOGY4OC0zNDM2M2JjN2M0YzAiOnsiY3JlYXRlIjoxMjAwMDAwMDAwMDAwLCJkZWxldGUiOjEyMDAwMDAwMDAwMDAsInJlYWQiOjYwMDAwMDAwMDAwMCwidXBkYXRlIjoxMjAwMDAwMDAwMDAwfX0=",
          "dependencies": [
            "google_project.project",
            "random_id.id"
          ]
        }
      ]
    },
    {
      "mode": "managed",
      "type": "random_id",
      "name": "id",
      "provider": "provider.random",
      "instances": [
        {
          "schema_version": 0,
          "attributes": {
            "b64": "voyceKteD4A",
            "b64_std": "voyceKteD4A==",
            "b64_url": "voyceKteD4A",
            "byte_length": 4,
            "dec": "voyce718767072",
            "hex": "voyce2ad783e0",
            "id": "KteD4A",
            "keepers": null,
            "prefix": "voyce"
          },
          "private": "bnVsbA=="
        }
      ]
    }
  ]
}
