dependencies:
- name: politician
  repository: ""
  version: 1.0.0
- name: tweet
  repository: ""
  version: 1.0.0
- name: news-article
  repository: ""
  version: 1.0.0
- name: crawler
  repository: ""
  version: 1.0.0
- name: frontend
  repository: ""
  version: 1.0.0
- name: minio
  repository: https://kubernetes-charts.storage.googleapis.com
  version: 5.0.11
- name: sparkoperator
  repository: http://storage.googleapis.com/kubernetes-charts-incubator
  version: 0.6.6
- name: kafka
  repository: ""
  version: 1.0.0
digest: sha256:a11bd85ae1bd8ca5fbc4b1761c56211111b05e5ab7740862bd660cc096cd22c1
generated: "2020-03-08T14:49:01.053265649-02:30"
